// !$*UTF8*$!
{
	archiveVersion = 1;
	classes = {
	};
	objectVersion = 50;
	objects = {

/* Begin PBXBuildFile section */
		301109472276EC7D0055577B /* AppDelegate.swift in Sources */ = {isa = PBXBuildFile; fileRef = 301109462276EC7D0055577B /* AppDelegate.swift */; };
		301109492276EC7D0055577B /* ViewController.swift in Sources */ = {isa = PBXBuildFile; fileRef = 301109482276EC7D0055577B /* ViewController.swift */; };
		3011094C2276EC7D0055577B /* Main.storyboard in Resources */ = {isa = PBXBuildFile; fileRef = 3011094A2276EC7D0055577B /* Main.storyboard */; };
		3011094E2276EC7F0055577B /* Assets.xcassets in Resources */ = {isa = PBXBuildFile; fileRef = 3011094D2276EC7F0055577B /* Assets.xcassets */; };
		301109512276EC7F0055577B /* LaunchScreen.storyboard in Resources */ = {isa = PBXBuildFile; fileRef = 3011094F2276EC7F0055577B /* LaunchScreen.storyboard */; };
		3011095A2276F0AE0055577B /* Converter.swift in Sources */ = {isa = PBXBuildFile; fileRef = 301109592276F0AE0055577B /* Converter.swift */; };
		3011095C2276F1B10055577B /* MyFileManager.swift in Sources */ = {isa = PBXBuildFile; fileRef = 3011095B2276F1B10055577B /* MyFileManager.swift */; };
		3011095E2276F1EF0055577B /* FTPUpload.swift in Sources */ = {isa = PBXBuildFile; fileRef = 3011095D2276F1EF0055577B /* FTPUpload.swift */; };
		301109602276F2C00055577B /* IndexCreator.swift in Sources */ = {isa = PBXBuildFile; fileRef = 3011095F2276F2C00055577B /* IndexCreator.swift */; };
		301109622276F8910055577B /* CSVCreator.swift in Sources */ = {isa = PBXBuildFile; fileRef = 301109612276F8910055577B /* CSVCreator.swift */; };
		30273A9C2301ACE000736B8E /* String+isNumber.swift in Sources */ = {isa = PBXBuildFile; fileRef = 30273A9B2301ACE000736B8E /* String+isNumber.swift */; };
		30273A9E2301ACFA00736B8E /* Array+Safe.swift in Sources */ = {isa = PBXBuildFile; fileRef = 30273A9D2301ACFA00736B8E /* Array+Safe.swift */; };
		30273AA12301AD2800736B8E /* Date+getMonth.swift in Sources */ = {isa = PBXBuildFile; fileRef = 30273AA02301AD2800736B8E /* Date+getMonth.swift */; };
		30273AA32301AD4D00736B8E /* Date+getYear.swift in Sources */ = {isa = PBXBuildFile; fileRef = 30273AA22301AD4D00736B8E /* Date+getYear.swift */; };
		3046A291227B420E0033F7DB /* libz.tbd in Frameworks */ = {isa = PBXBuildFile; fileRef = 3046A290227B420E0033F7DB /* libz.tbd */; };
		4D48CFB8FC5E506F4841375A /* Pods_PlanningToCalendarIOS.framework in Frameworks */ = {isa = PBXBuildFile; fileRef = B8AB9B839C62566851E35875 /* Pods_PlanningToCalendarIOS.framework */; };
/* End PBXBuildFile section */

/* Begin PBXFileReference section */
		04A70525182C351553155EB0 /* Pods-PlanningToCalendarIOS.release.xcconfig */ = {isa = PBXFileReference; includeInIndex = 1; lastKnownFileType = text.xcconfig; name = "Pods-PlanningToCalendarIOS.release.xcconfig"; path = "Pods/Target Support Files/Pods-PlanningToCalendarIOS/Pods-PlanningToCalendarIOS.release.xcconfig"; sourceTree = "<group>"; };
		301109432276EC7D0055577B /* PlanningToCalendarIOS.app */ = {isa = PBXFileReference; explicitFileType = wrapper.application; includeInIndex = 0; path = PlanningToCalendarIOS.app; sourceTree = BUILT_PRODUCTS_DIR; };
		301109462276EC7D0055577B /* AppDelegate.swift */ = {isa = PBXFileReference; lastKnownFileType = sourcecode.swift; path = AppDelegate.swift; sourceTree = "<group>"; };
		301109482276EC7D0055577B /* ViewController.swift */ = {isa = PBXFileReference; lastKnownFileType = sourcecode.swift; path = ViewController.swift; sourceTree = "<group>"; };
		3011094B2276EC7D0055577B /* Base */ = {isa = PBXFileReference; lastKnownFileType = file.storyboard; name = Base; path = Base.lproj/Main.storyboard; sourceTree = "<group>"; };
		3011094D2276EC7F0055577B /* Assets.xcassets */ = {isa = PBXFileReference; lastKnownFileType = folder.assetcatalog; path = Assets.xcassets; sourceTree = "<group>"; };
		301109502276EC7F0055577B /* Base */ = {isa = PBXFileReference; lastKnownFileType = file.storyboard; name = Base; path = Base.lproj/LaunchScreen.storyboard; sourceTree = "<group>"; };
		301109522276EC7F0055577B /* Info.plist */ = {isa = PBXFileReference; lastKnownFileType = text.plist.xml; path = Info.plist; sourceTree = "<group>"; };
		301109582276ED840055577B /* PlanningToCalendarIOS.entitlements */ = {isa = PBXFileReference; lastKnownFileType = text.plist.entitlements; path = PlanningToCalendarIOS.entitlements; sourceTree = "<group>"; };
		301109592276F0AE0055577B /* Converter.swift */ = {isa = PBXFileReference; lastKnownFileType = sourcecode.swift; path = Converter.swift; sourceTree = "<group>"; };
		3011095B2276F1B10055577B /* MyFileManager.swift */ = {isa = PBXFileReference; lastKnownFileType = sourcecode.swift; path = MyFileManager.swift; sourceTree = "<group>"; };
		3011095D2276F1EF0055577B /* FTPUpload.swift */ = {isa = PBXFileReference; lastKnownFileType = sourcecode.swift; path = FTPUpload.swift; sourceTree = "<group>"; };
		3011095F2276F2C00055577B /* IndexCreator.swift */ = {isa = PBXFileReference; lastKnownFileType = sourcecode.swift; path = IndexCreator.swift; sourceTree = "<group>"; };
		301109612276F8910055577B /* CSVCreator.swift */ = {isa = PBXFileReference; lastKnownFileType = sourcecode.swift; path = CSVCreator.swift; sourceTree = "<group>"; };
		30273A9B2301ACE000736B8E /* String+isNumber.swift */ = {isa = PBXFileReference; lastKnownFileType = sourcecode.swift; path = "String+isNumber.swift"; sourceTree = "<group>"; };
		30273A9D2301ACFA00736B8E /* Array+Safe.swift */ = {isa = PBXFileReference; lastKnownFileType = sourcecode.swift; path = "Array+Safe.swift"; sourceTree = "<group>"; };
		30273AA02301AD2800736B8E /* Date+getMonth.swift */ = {isa = PBXFileReference; lastKnownFileType = sourcecode.swift; path = "Date+getMonth.swift"; sourceTree = "<group>"; };
		30273AA22301AD4D00736B8E /* Date+getYear.swift */ = {isa = PBXFileReference; lastKnownFileType = sourcecode.swift; path = "Date+getYear.swift"; sourceTree = "<group>"; };
		3046A290227B420E0033F7DB /* libz.tbd */ = {isa = PBXFileReference; lastKnownFileType = "sourcecode.text-based-dylib-definition"; name = libz.tbd; path = usr/lib/libz.tbd; sourceTree = SDKROOT; };
		6F4F0B1B9953474162A4B72E /* Pods-PlanningToCalendarIOS.debug.xcconfig */ = {isa = PBXFileReference; includeInIndex = 1; lastKnownFileType = text.xcconfig; name = "Pods-PlanningToCalendarIOS.debug.xcconfig"; path = "Pods/Target Support Files/Pods-PlanningToCalendarIOS/Pods-PlanningToCalendarIOS.debug.xcconfig"; sourceTree = "<group>"; };
		B8AB9B839C62566851E35875 /* Pods_PlanningToCalendarIOS.framework */ = {isa = PBXFileReference; explicitFileType = wrapper.framework; includeInIndex = 0; path = Pods_PlanningToCalendarIOS.framework; sourceTree = BUILT_PRODUCTS_DIR; };
/* End PBXFileReference section */

/* Begin PBXFrameworksBuildPhase section */
		301109402276EC7D0055577B /* Frameworks */ = {
			isa = PBXFrameworksBuildPhase;
			buildActionMask = 2147483647;
			files = (
				3046A291227B420E0033F7DB /* libz.tbd in Frameworks */,
				4D48CFB8FC5E506F4841375A /* Pods_PlanningToCalendarIOS.framework in Frameworks */,
			);
			runOnlyForDeploymentPostprocessing = 0;
		};
/* End PBXFrameworksBuildPhase section */

/* Begin PBXGroup section */
		13DDB82AD19597CAF258E17F /* Pods */ = {
			isa = PBXGroup;
			children = (
				6F4F0B1B9953474162A4B72E /* Pods-PlanningToCalendarIOS.debug.xcconfig */,
				04A70525182C351553155EB0 /* Pods-PlanningToCalendarIOS.release.xcconfig */,
			);
			name = Pods;
			sourceTree = "<group>";
		};
		3011093A2276EC7D0055577B = {
			isa = PBXGroup;
			children = (
				301109452276EC7D0055577B /* PlanningToCalendarIOS */,
				301109442276EC7D0055577B /* Products */,
				13DDB82AD19597CAF258E17F /* Pods */,
				9ED08DC1445173C153DA4F6F /* Frameworks */,
			);
			sourceTree = "<group>";
		};
		301109442276EC7D0055577B /* Products */ = {
			isa = PBXGroup;
			children = (
				301109432276EC7D0055577B /* PlanningToCalendarIOS.app */,
			);
			name = Products;
			sourceTree = "<group>";
		};
		301109452276EC7D0055577B /* PlanningToCalendarIOS */ = {
			isa = PBXGroup;
			children = (
				301109582276ED840055577B /* PlanningToCalendarIOS.entitlements */,
				301109462276EC7D0055577B /* AppDelegate.swift */,
				301109482276EC7D0055577B /* ViewController.swift */,
				301109612276F8910055577B /* CSVCreator.swift */,
				301109592276F0AE0055577B /* Converter.swift */,
				3011095B2276F1B10055577B /* MyFileManager.swift */,
				3011095F2276F2C00055577B /* IndexCreator.swift */,
				3011095D2276F1EF0055577B /* FTPUpload.swift */,
				30273A9F2301AD0900736B8E /* Util */,
				3011094A2276EC7D0055577B /* Main.storyboard */,
				3011094D2276EC7F0055577B /* Assets.xcassets */,
				3011094F2276EC7F0055577B /* LaunchScreen.storyboard */,
				301109522276EC7F0055577B /* Info.plist */,
			);
			path = PlanningToCalendarIOS;
			sourceTree = "<group>";
		};
		30273A9F2301AD0900736B8E /* Util */ = {
			isa = PBXGroup;
			children = (
				30273A9D2301ACFA00736B8E /* Array+Safe.swift */,
				30273A9B2301ACE000736B8E /* String+isNumber.swift */,
				30273AA02301AD2800736B8E /* Date+getMonth.swift */,
				30273AA22301AD4D00736B8E /* Date+getYear.swift */,
			);
			path = Util;
			sourceTree = "<group>";
		};
		9ED08DC1445173C153DA4F6F /* Frameworks */ = {
			isa = PBXGroup;
			children = (
				3046A290227B420E0033F7DB /* libz.tbd */,
				B8AB9B839C62566851E35875 /* Pods_PlanningToCalendarIOS.framework */,
			);
			name = Frameworks;
			sourceTree = "<group>";
		};
/* End PBXGroup section */

/* Begin PBXNativeTarget section */
		301109422276EC7D0055577B /* PlanningToCalendarIOS */ = {
			isa = PBXNativeTarget;
			buildConfigurationList = 301109552276EC7F0055577B /* Build configuration list for PBXNativeTarget "PlanningToCalendarIOS" */;
			buildPhases = (
				0467524EBC9DE89319AE4D15 /* [CP] Check Pods Manifest.lock */,
				3011093F2276EC7D0055577B /* Sources */,
				301109402276EC7D0055577B /* Frameworks */,
				301109412276EC7D0055577B /* Resources */,
				D6F2EF35B0D08C169BB4140E /* [CP] Embed Pods Frameworks */,
			);
			buildRules = (
			);
			dependencies = (
			);
			name = PlanningToCalendarIOS;
			productName = PlanningToCalendarIOS;
			productReference = 301109432276EC7D0055577B /* PlanningToCalendarIOS.app */;
			productType = "com.apple.product-type.application";
		};
/* End PBXNativeTarget section */

/* Begin PBXProject section */
		3011093B2276EC7D0055577B /* Project object */ = {
			isa = PBXProject;
			attributes = {
				LastSwiftUpdateCheck = 1020;
				LastUpgradeCheck = 1020;
				ORGANIZATIONNAME = "Daniel Zanchi";
				TargetAttributes = {
					301109422276EC7D0055577B = {
						CreatedOnToolsVersion = 10.2.1;
						SystemCapabilities = {
							com.apple.Keychain = {
								enabled = 1;
							};
							com.apple.iCloud = {
								enabled = 1;
							};
						};
					};
				};
			};
			buildConfigurationList = 3011093E2276EC7D0055577B /* Build configuration list for PBXProject "PlanningToCalendarIOS" */;
			compatibilityVersion = "Xcode 9.3";
			developmentRegion = en;
			hasScannedForEncodings = 0;
			knownRegions = (
				en,
				Base,
			);
			mainGroup = 3011093A2276EC7D0055577B;
			productRefGroup = 301109442276EC7D0055577B /* Products */;
			projectDirPath = "";
			projectRoot = "";
			targets = (
				301109422276EC7D0055577B /* PlanningToCalendarIOS */,
			);
		};
/* End PBXProject section */

/* Begin PBXResourcesBuildPhase section */
		301109412276EC7D0055577B /* Resources */ = {
			isa = PBXResourcesBuildPhase;
			buildActionMask = 2147483647;
			files = (
				301109512276EC7F0055577B /* LaunchScreen.storyboard in Resources */,
				3011094E2276EC7F0055577B /* Assets.xcassets in Resources */,
				3011094C2276EC7D0055577B /* Main.storyboard in Resources */,
			);
			runOnlyForDeploymentPostprocessing = 0;
		};
/* End PBXResourcesBuildPhase section */

/* Begin PBXShellScriptBuildPhase section */
		0467524EBC9DE89319AE4D15 /* [CP] Check Pods Manifest.lock */ = {
			isa = PBXShellScriptBuildPhase;
			buildActionMask = 2147483647;
			files = (
			);
			inputFileListPaths = (
			);
			inputPaths = (
				"${PODS_PODFILE_DIR_PATH}/Podfile.lock",
				"${PODS_ROOT}/Manifest.lock",
			);
			name = "[CP] Check Pods Manifest.lock";
			outputFileListPaths = (
			);
			outputPaths = (
				"$(DERIVED_FILE_DIR)/Pods-PlanningToCalendarIOS-checkManifestLockResult.txt",
			);
			runOnlyForDeploymentPostprocessing = 0;
			shellPath = /bin/sh;
			shellScript = "diff \"${PODS_PODFILE_DIR_PATH}/Podfile.lock\" \"${PODS_ROOT}/Manifest.lock\" > /dev/null\nif [ $? != 0 ] ; then\n    # print error to STDERR\n    echo \"error: The sandbox is not in sync with the Podfile.lock. Run 'pod install' or update your CocoaPods installation.\" >&2\n    exit 1\nfi\n# This output is used by Xcode 'outputs' to avoid re-running this script phase.\necho \"SUCCESS\" > \"${SCRIPT_OUTPUT_FILE_0}\"\n";
			showEnvVarsInLog = 0;
		};
		D6F2EF35B0D08C169BB4140E /* [CP] Embed Pods Frameworks */ = {
			isa = PBXShellScriptBuildPhase;
			buildActionMask = 2147483647;
			files = (
			);
			inputFileListPaths = (
			);
			inputPaths = (
				"${SRCROOT}/Pods/Target Support Files/Pods-PlanningToCalendarIOS/Pods-PlanningToCalendarIOS-frameworks.sh",
				"${BUILT_PRODUCTS_DIR}/CSV.swift/CSV.framework",
				"${BUILT_PRODUCTS_DIR}/CoreXLSX/CoreXLSX.framework",
				"${BUILT_PRODUCTS_DIR}/XMLCoder/XMLCoder.framework",
				"${BUILT_PRODUCTS_DIR}/ZIPFoundation/ZIPFoundation.framework",
				"${BUILT_PRODUCTS_DIR}/iCalKit/iCalKit.framework",
			);
			name = "[CP] Embed Pods Frameworks";
			outputFileListPaths = (
			);
			outputPaths = (
				"${TARGET_BUILD_DIR}/${FRAMEWORKS_FOLDER_PATH}/CSV.framework",
				"${TARGET_BUILD_DIR}/${FRAMEWORKS_FOLDER_PATH}/CoreXLSX.framework",
				"${TARGET_BUILD_DIR}/${FRAMEWORKS_FOLDER_PATH}/XMLCoder.framework",
				"${TARGET_BUILD_DIR}/${FRAMEWORKS_FOLDER_PATH}/ZIPFoundation.framework",
				"${TARGET_BUILD_DIR}/${FRAMEWORKS_FOLDER_PATH}/iCalKit.framework",
			);
			runOnlyForDeploymentPostprocessing = 0;
			shellPath = /bin/sh;
			shellScript = "\"${SRCROOT}/Pods/Target Support Files/Pods-PlanningToCalendarIOS/Pods-PlanningToCalendarIOS-frameworks.sh\"\n";
			showEnvVarsInLog = 0;
		};
/* End PBXShellScriptBuildPhase section */

/* Begin PBXSourcesBuildPhase section */
		3011093F2276EC7D0055577B /* Sources */ = {
			isa = PBXSourcesBuildPhase;
			buildActionMask = 2147483647;
			files = (
				301109492276EC7D0055577B /* ViewController.swift in Sources */,
				3011095E2276F1EF0055577B /* FTPUpload.swift in Sources */,
				3011095A2276F0AE0055577B /* Converter.swift in Sources */,
				30273A9E2301ACFA00736B8E /* Array+Safe.swift in Sources */,
				301109472276EC7D0055577B /* AppDelegate.swift in Sources */,
				301109622276F8910055577B /* CSVCreator.swift in Sources */,
				3011095C2276F1B10055577B /* MyFileManager.swift in Sources */,
				30273AA12301AD2800736B8E /* Date+getMonth.swift in Sources */,
				301109602276F2C00055577B /* IndexCreator.swift in Sources */,
				30273A9C2301ACE000736B8E /* String+isNumber.swift in Sources */,
				30273AA32301AD4D00736B8E /* Date+getYear.swift in Sources */,
			);
			runOnlyForDeploymentPostprocessing = 0;
		};
/* End PBXSourcesBuildPhase section */

/* Begin PBXVariantGroup section */
		3011094A2276EC7D0055577B /* Main.storyboard */ = {
			isa = PBXVariantGroup;
			children = (
				3011094B2276EC7D0055577B /* Base */,
			);
			name = Main.storyboard;
			sourceTree = "<group>";
		};
		3011094F2276EC7F0055577B /* LaunchScreen.storyboard */ = {
			isa = PBXVariantGroup;
			children = (
				301109502276EC7F0055577B /* Base */,
			);
			name = LaunchScreen.storyboard;
			sourceTree = "<group>";
		};
/* End PBXVariantGroup section */

/* Begin XCBuildConfiguration section */
		301109532276EC7F0055577B /* Debug */ = {
			isa = XCBuildConfiguration;
			buildSettings = {
				ALWAYS_SEARCH_USER_PATHS = NO;
				CLANG_ANALYZER_NONNULL = YES;
				CLANG_ANALYZER_NUMBER_OBJECT_CONVERSION = YES_AGGRESSIVE;
				CLANG_CXX_LANGUAGE_STANDARD = "gnu++14";
				CLANG_CXX_LIBRARY = "libc++";
				CLANG_ENABLE_MODULES = YES;
				CLANG_ENABLE_OBJC_ARC = YES;
				CLANG_ENABLE_OBJC_WEAK = YES;
				CLANG_WARN_BLOCK_CAPTURE_AUTORELEASING = YES;
				CLANG_WARN_BOOL_CONVERSION = YES;
				CLANG_WARN_COMMA = YES;
				CLANG_WARN_CONSTANT_CONVERSION = YES;
				CLANG_WARN_DEPRECATED_OBJC_IMPLEMENTATIONS = YES;
				CLANG_WARN_DIRECT_OBJC_ISA_USAGE = YES_ERROR;
				CLANG_WARN_DOCUMENTATION_COMMENTS = YES;
				CLANG_WARN_EMPTY_BODY = YES;
				CLANG_WARN_ENUM_CONVERSION = YES;
				CLANG_WARN_INFINITE_RECURSION = YES;
				CLANG_WARN_INT_CONVERSION = YES;
				CLANG_WARN_NON_LITERAL_NULL_CONVERSION = YES;
				CLANG_WARN_OBJC_IMPLICIT_RETAIN_SELF = YES;
				CLANG_WARN_OBJC_LITERAL_CONVERSION = YES;
				CLANG_WARN_OBJC_ROOT_CLASS = YES_ERROR;
				CLANG_WARN_RANGE_LOOP_ANALYSIS = YES;
				CLANG_WARN_STRICT_PROTOTYPES = YES;
				CLANG_WARN_SUSPICIOUS_MOVE = YES;
				CLANG_WARN_UNGUARDED_AVAILABILITY = YES_AGGRESSIVE;
				CLANG_WARN_UNREACHABLE_CODE = YES;
				CLANG_WARN__DUPLICATE_METHOD_MATCH = YES;
				CODE_SIGN_IDENTITY = "iPhone Developer";
				COPY_PHASE_STRIP = NO;
				DEBUG_INFORMATION_FORMAT = dwarf;
				ENABLE_STRICT_OBJC_MSGSEND = YES;
				ENABLE_TESTABILITY = YES;
				GCC_C_LANGUAGE_STANDARD = gnu11;
				GCC_DYNAMIC_NO_PIC = NO;
				GCC_NO_COMMON_BLOCKS = YES;
				GCC_OPTIMIZATION_LEVEL = 0;
				GCC_PREPROCESSOR_DEFINITIONS = (
					"DEBUG=1",
					"$(inherited)",
				);
				GCC_WARN_64_TO_32_BIT_CONVERSION = YES;
				GCC_WARN_ABOUT_RETURN_TYPE = YES_ERROR;
				GCC_WARN_UNDECLARED_SELECTOR = YES;
				GCC_WARN_UNINITIALIZED_AUTOS = YES_AGGRESSIVE;
				GCC_WARN_UNUSED_FUNCTION = YES;
				GCC_WARN_UNUSED_VARIABLE = YES;
				IPHONEOS_DEPLOYMENT_TARGET = 12.2;
				MTL_ENABLE_DEBUG_INFO = INCLUDE_SOURCE;
				MTL_FAST_MATH = YES;
				ONLY_ACTIVE_ARCH = YES;
				OTHER_LDFLAGS = "-all_load";
				SDKROOT = iphoneos;
				SWIFT_ACTIVE_COMPILATION_CONDITIONS = DEBUG;
				SWIFT_OPTIMIZATION_LEVEL = "-Onone";
				USER_HEADER_SEARCH_PATHS = "$(SRCROOT)/XlsxReaderWriter/";
			};
			name = Debug;
		};
		301109542276EC7F0055577B /* Release */ = {
			isa = XCBuildConfiguration;
			buildSettings = {
				ALWAYS_SEARCH_USER_PATHS = NO;
				CLANG_ANALYZER_NONNULL = YES;
				CLANG_ANALYZER_NUMBER_OBJECT_CONVERSION = YES_AGGRESSIVE;
				CLANG_CXX_LANGUAGE_STANDARD = "gnu++14";
				CLANG_CXX_LIBRARY = "libc++";
				CLANG_ENABLE_MODULES = YES;
				CLANG_ENABLE_OBJC_ARC = YES;
				CLANG_ENABLE_OBJC_WEAK = YES;
				CLANG_WARN_BLOCK_CAPTURE_AUTORELEASING = YES;
				CLANG_WARN_BOOL_CONVERSION = YES;
				CLANG_WARN_COMMA = YES;
				CLANG_WARN_CONSTANT_CONVERSION = YES;
				CLANG_WARN_DEPRECATED_OBJC_IMPLEMENTATIONS = YES;
				CLANG_WARN_DIRECT_OBJC_ISA_USAGE = YES_ERROR;
				CLANG_WARN_DOCUMENTATION_COMMENTS = YES;
				CLANG_WARN_EMPTY_BODY = YES;
				CLANG_WARN_ENUM_CONVERSION = YES;
				CLANG_WARN_INFINITE_RECURSION = YES;
				CLANG_WARN_INT_CONVERSION = YES;
				CLANG_WARN_NON_LITERAL_NULL_CONVERSION = YES;
				CLANG_WARN_OBJC_IMPLICIT_RETAIN_SELF = YES;
				CLANG_WARN_OBJC_LITERAL_CONVERSION = YES;
				CLANG_WARN_OBJC_ROOT_CLASS = YES_ERROR;
				CLANG_WARN_RANGE_LOOP_ANALYSIS = YES;
				CLANG_WARN_STRICT_PROTOTYPES = YES;
				CLANG_WARN_SUSPICIOUS_MOVE = YES;
				CLANG_WARN_UNGUARDED_AVAILABILITY = YES_AGGRESSIVE;
				CLANG_WARN_UNREACHABLE_CODE = YES;
				CLANG_WARN__DUPLICATE_METHOD_MATCH = YES;
				CODE_SIGN_IDENTITY = "iPhone Developer";
				COPY_PHASE_STRIP = NO;
				DEBUG_INFORMATION_FORMAT = "dwarf-with-dsym";
				ENABLE_NS_ASSERTIONS = NO;
				ENABLE_STRICT_OBJC_MSGSEND = YES;
				GCC_C_LANGUAGE_STANDARD = gnu11;
				GCC_NO_COMMON_BLOCKS = YES;
				GCC_WARN_64_TO_32_BIT_CONVERSION = YES;
				GCC_WARN_ABOUT_RETURN_TYPE = YES_ERROR;
				GCC_WARN_UNDECLARED_SELECTOR = YES;
				GCC_WARN_UNINITIALIZED_AUTOS = YES_AGGRESSIVE;
				GCC_WARN_UNUSED_FUNCTION = YES;
				GCC_WARN_UNUSED_VARIABLE = YES;
				IPHONEOS_DEPLOYMENT_TARGET = 12.2;
				MTL_ENABLE_DEBUG_INFO = NO;
				MTL_FAST_MATH = YES;
				OTHER_LDFLAGS = "-all_load";
				SDKROOT = iphoneos;
				SWIFT_COMPILATION_MODE = wholemodule;
				SWIFT_OPTIMIZATION_LEVEL = "-O";
				USER_HEADER_SEARCH_PATHS = "$(SRCROOT)/XlsxReaderWriter/";
				VALIDATE_PRODUCT = YES;
			};
			name = Release;
		};
		301109562276EC7F0055577B /* Debug */ = {
			isa = XCBuildConfiguration;
			baseConfigurationReference = 6F4F0B1B9953474162A4B72E /* Pods-PlanningToCalendarIOS.debug.xcconfig */;
			buildSettings = {
				ASSETCATALOG_COMPILER_APPICON_NAME = AppIcon;
				CODE_SIGN_ENTITLEMENTS = PlanningToCalendarIOS/PlanningToCalendarIOS.entitlements;
				CODE_SIGN_STYLE = Automatic;
				DEVELOPMENT_TEAM = ZAN22F267Y;
				INFOPLIST_FILE = PlanningToCalendarIOS/Info.plist;
				LD_RUNPATH_SEARCH_PATHS = (
					"$(inherited)",
					"@executable_path/Frameworks",
				);
				PRODUCT_BUNDLE_IDENTIFIER = com.DanielZanchi.PlanningToCalendarIOS;
				PRODUCT_NAME = "$(TARGET_NAME)";
				SWIFT_OBJC_BRIDGING_HEADER = "";
				SWIFT_VERSION = 5.0;
				TARGETED_DEVICE_FAMILY = "1,2";
			};
			name = Debug;
		};
		301109572276EC7F0055577B /* Release */ = {
			isa = XCBuildConfiguration;
			baseConfigurationReference = 04A70525182C351553155EB0 /* Pods-PlanningToCalendarIOS.release.xcconfig */;
			buildSettings = {
				ASSETCATALOG_COMPILER_APPICON_NAME = AppIcon;
				CODE_SIGN_ENTITLEMENTS = PlanningToCalendarIOS/PlanningToCalendarIOS.entitlements;
				CODE_SIGN_STYLE = Automatic;
				DEVELOPMENT_TEAM = ZAN22F267Y;
				INFOPLIST_FILE = PlanningToCalendarIOS/Info.plist;
				LD_RUNPATH_SEARCH_PATHS = (
					"$(inherited)",
					"@executable_path/Frameworks",
				);
				PRODUCT_BUNDLE_IDENTIFIER = com.DanielZanchi.PlanningToCalendarIOS;
				PRODUCT_NAME = "$(TARGET_NAME)";
				SWIFT_OBJC_BRIDGING_HEADER = "";
				SWIFT_VERSION = 5.0;
				TARGETED_DEVICE_FAMILY = "1,2";
			};
			name = Release;
		};
/* End XCBuildConfiguration section */

/* Begin XCConfigurationList section */
		3011093E2276EC7D0055577B /* Build configuration list for PBXProject "PlanningToCalendarIOS" */ = {
			isa = XCConfigurationList;
			buildConfigurations = (
				301109532276EC7F0055577B /* Debug */,
				301109542276EC7F0055577B /* Release */,
			);
			defaultConfigurationIsVisible = 0;
			defaultConfigurationName = Release;
		};
		301109552276EC7F0055577B /* Build configuration list for PBXNativeTarget "PlanningToCalendarIOS" */ = {
			isa = XCConfigurationList;
			buildConfigurations = (
				301109562276EC7F0055577B /* Debug */,
				301109572276EC7F0055577B /* Release */,
			);
			defaultConfigurationIsVisible = 0;
			defaultConfigurationName = Release;
		};
/* End XCConfigurationList section */
	};
	rootObject = 3011093B2276EC7D0055577B /* Project object */;
}
